Microsoft Visual Studio Solution File, Format Version 12.00
# Visual Studio 16
Project("{8BC9CEB8-8B4A-11D0-8D11-00A0C91BC942}") = "ALL_BUILD", "ALL_BUILD.vcxproj", "{F730EEE6-6408-36AA-80F3-7B82CC79F8E0}"
	ProjectSection(ProjectDependencies) = postProject
		{B5F1A65E-640C-33D2-B659-1225B924DC79} = {B5F1A65E-640C-33D2-B659-1225B924DC79}
		{D1A3B1B5-CEA6-32DB-BD61-A9D0521A0E56} = {D1A3B1B5-CEA6-32DB-BD61-A9D0521A0E56}
		{5E02F2D8-E7FC-3612-9068-ECB9917CD007} = {5E02F2D8-E7FC-3612-9068-ECB9917CD007}
		{2F1B5505-CCAB-3214-A587-11B91731E80D} = {2F1B5505-CCAB-3214-A587-11B91731E80D}
	EndProjectSection
EndProject
Project("{8BC9CEB8-8B4A-11D0-8D11-00A0C91BC942}") = "INSTALL", "INSTALL.vcxproj", "{802A0EF1-AFD9-3D78-B56F-0F20E0FF9529}"
	ProjectSection(ProjectDependencies) = postProject
		{F730EEE6-6408-36AA-80F3-7B82CC79F8E0} = {F730EEE6-6408-36AA-80F3-7B82CC79F8E0}
		{2F1B5505-CCAB-3214-A587-11B91731E80D} = {2F1B5505-CCAB-3214-A587-11B91731E80D}
	EndProjectSection
EndProject
Project("{8BC9CEB8-8B4A-11D0-8D11-00A0C91BC942}") = "RUN_TESTS", "RUN_TESTS.vcxproj", "{FEEFB34C-C06B-37B5-BCF8-35AD83798552}"
	ProjectSection(ProjectDependencies) = postProject
		{2F1B5505-CCAB-3214-A587-11B91731E80D} = {2F1B5505-CCAB-3214-A587-11B91731E80D}
	EndProjectSection
EndProject
Project("{8BC9CEB8-8B4A-11D0-8D11-00A0C91BC942}") = "Raven_CppClient", "Raven_CppClient.vcxproj", "{B5F1A65E-640C-33D2-B659-1225B924DC79}"
	ProjectSection(ProjectDependencies) = postProject
		{2F1B5505-CCAB-3214-A587-11B91731E80D} = {2F1B5505-CCAB-3214-A587-11B91731E80D}
	EndProjectSection
EndProject
Project("{8BC9CEB8-8B4A-11D0-8D11-00A0C91BC942}") = "Raven_CppClient_shared", "Raven_CppClient_shared.vcxproj", "{D1A3B1B5-CEA6-32DB-BD61-A9D0521A0E56}"
	ProjectSection(ProjectDependencies) = postProject
		{B5F1A65E-640C-33D2-B659-1225B924DC79} = {B5F1A65E-640C-33D2-B659-1225B924DC79}
		{2F1B5505-CCAB-3214-A587-11B91731E80D} = {2F1B5505-CCAB-3214-A587-11B91731E80D}
	EndProjectSection
EndProject
Project("{8BC9CEB8-8B4A-11D0-8D11-00A0C91BC942}") = "Raven_CppClient_static", "Raven_CppClient_static.vcxproj", "{5E02F2D8-E7FC-3612-9068-ECB9917CD007}"
	ProjectSection(ProjectDependencies) = postProject
		{B5F1A65E-640C-33D2-B659-1225B924DC79} = {B5F1A65E-640C-33D2-B659-1225B924DC79}
		{2F1B5505-CCAB-3214-A587-11B91731E80D} = {2F1B5505-CCAB-3214-A587-11B91731E80D}
	EndProjectSection
EndProject
Project("{8BC9CEB8-8B4A-11D0-8D11-00A0C91BC942}") = "ZERO_CHECK", "..\\ZERO_CHECK.vcxproj", "{2F1B5505-CCAB-3214-A587-11B91731E80D}"
	ProjectSection(ProjectDependencies) = postProject
	EndProjectSection
EndProject
Global
	GlobalSection(SolutionConfigurationPlatforms) = preSolution
		Debug|x64 = Debug|x64
	EndGlobalSection
	GlobalSection(ProjectConfigurationPlatforms) = postSolution
		{F730EEE6-6408-36AA-80F3-7B82CC79F8E0}.Debug|x64.ActiveCfg = Debug|x64
		{F730EEE6-6408-36AA-80F3-7B82CC79F8E0}.Debug|x64.Build.0 = Debug|x64
		{802A0EF1-AFD9-3D78-B56F-0F20E0FF9529}.Debug|x64.ActiveCfg = Debug|x64
		{FEEFB34C-C06B-37B5-BCF8-35AD83798552}.Debug|x64.ActiveCfg = Debug|x64
		{B5F1A65E-640C-33D2-B659-1225B924DC79}.Debug|x64.ActiveCfg = Debug|x64
		{B5F1A65E-640C-33D2-B659-1225B924DC79}.Debug|x64.Build.0 = Debug|x64
		{D1A3B1B5-CEA6-32DB-BD61-A9D0521A0E56}.Debug|x64.ActiveCfg = Debug|x64
		{D1A3B1B5-CEA6-32DB-BD61-A9D0521A0E56}.Debug|x64.Build.0 = Debug|x64
		{5E02F2D8-E7FC-3612-9068-ECB9917CD007}.Debug|x64.ActiveCfg = Debug|x64
		{5E02F2D8-E7FC-3612-9068-ECB9917CD007}.Debug|x64.Build.0 = Debug|x64
		{2F1B5505-CCAB-3214-A587-11B91731E80D}.Debug|x64.ActiveCfg = Debug|x64
		{2F1B5505-CCAB-3214-A587-11B91731E80D}.Debug|x64.Build.0 = Debug|x64
	EndGlobalSection
	GlobalSection(ExtensibilityGlobals) = postSolution
		SolutionGuid = {39A16678-2123-3860-B6F9-3938B62AE4BA}
	EndGlobalSection
	GlobalSection(ExtensibilityAddIns) = postSolution
	EndGlobalSection
EndGlobal
